{
  "name": "palette_tool",
  "requires": true,
  "lockfileVersion": 1,
  "dependencies": {
    "@ttskch/select2-bootstrap4-theme": {
      "version": "1.0.5",
      "resolved": "https://registry.npmjs.org/@ttskch/select2-bootstrap4-theme/-/select2-bootstrap4-theme-1.0.5.tgz",
      "integrity": "sha512-84qDd9eDwR6TijtPtV1jzhKcZnXZXwFxS98tc6Rh1mMv285Bptmv1JcsGvq33k7oq1QqK54p6BlYRx8kTP0ZiA=="
    }
  }
}
